{
    "name": "test",
    "version": "4.4.0",
    "lockfileVersion": 2,
    "requires": true,
    "packages": {
        "": {
            "name": "test",
            "version": "4.4.0",
            "dependencies": {
                "big.js": "6.1.0",
                "numbro": "2.0.6"
            }
        },
        "node_modules/big.js": {
            "version": "6.1.0",
            "resolved": "https://registry.npmjs.org/big.js/-/big.js-6.1.0.tgz",
            "integrity": "sha512-63M0bP7/NdPR2blqkkw8fBfoXg/izt0FpvqmmknYdG1bA5A2nCFUpbGLQJuHXlzmkIBTJqfe6gKzlOYN7uHiJQ==",
            "engines": {
                "node": "*"
            },
            "funding": {
                "type": "opencollective",
                "url": "https://opencollective.com/bigjs"
            }
        },
        "node_modules/bignumber.js": {
            "version": "4.1.0",
            "resolved": "https://registry.npmjs.org/bignumber.js/-/bignumber.js-4.1.0.tgz",
            "integrity": "sha512-eJzYkFYy9L4JzXsbymsFn3p54D+llV27oTQ+ziJG7WFRheJcNZilgVXMG0LoZtlQSKBsJdWtLFqOD0u+U0jZKA==",
            "engines": {
                "node": "*"
            }
        },
        "node_modules/numbro": {
            "version": "2.0.6",
            "resolved": "https://registry.npmjs.org/numbro/-/numbro-2.0.6.tgz",
            "integrity": "sha512-wTgLyuj1wduuHb6O/ItU/2SVR5Sf8uFVhFqbtqQU1/DqA34Wq9QqRlt0ySq1QEuju9Taq9+jPU4ExTQInYhsmA==",
            "dependencies": {
                "bignumber.js": "^4.0.4"
            },
            "engines": {
                "node": "*"
            }
        }
    },
    "dependencies": {
        "big.js": {
            "version": "6.1.0",
            "resolved": "https://registry.npmjs.org/big.js/-/big.js-6.1.0.tgz",
            "integrity": "sha512-63M0bP7/NdPR2blqkkw8fBfoXg/izt0FpvqmmknYdG1bA5A2nCFUpbGLQJuHXlzmkIBTJqfe6gKzlOYN7uHiJQ=="
        },
        "bignumber.js": {
            "version": "4.1.0",
            "resolved": "https://registry.npmjs.org/bignumber.js/-/bignumber.js-4.1.0.tgz",
            "integrity": "sha512-eJzYkFYy9L4JzXsbymsFn3p54D+llV27oTQ+ziJG7WFRheJcNZilgVXMG0LoZtlQSKBsJdWtLFqOD0u+U0jZKA=="
        },
        "numbro": {
            "version": "2.0.6",
            "resolved": "https://registry.npmjs.org/numbro/-/numbro-2.0.6.tgz",
            "integrity": "sha512-wTgLyuj1wduuHb6O/ItU/2SVR5Sf8uFVhFqbtqQU1/DqA34Wq9QqRlt0ySq1QEuju9Taq9+jPU4ExTQInYhsmA==",
            "requires": {
                "bignumber.js": "^4.0.4"
            }
        }
    }
}
